
Microsoft Visual Studio Solution File, Format Version 12.00
# Visual Studio 15
Project("{FAE04EC0-301F-11D3-BF4B-00C04F79EFBC}") = "Assembly-CSharp-firstpass", "Assembly-CSharp-firstpass.csproj", "{B7DDDA62-E324-4111-35C4-FD0A7CE8A864}"
EndProject
Project("{FAE04EC0-301F-11D3-BF4B-00C04F79EFBC}") = "Assembly-CSharp", "Assembly-CSharp.csproj", "{EA7B2730-E35D-24F6-D6C9-43659F3C359E}"
EndProject
Project("{FAE04EC0-301F-11D3-BF4B-00C04F79EFBC}") = "IngameDebugConsole.Runtime", "IngameDebugConsole.Runtime.csproj", "{780976A5-FA4E-0429-127B-38F0DA9F046F}"
EndProject
Project("{FAE04EC0-301F-11D3-BF4B-00C04F79EFBC}") = "MoreMountains.NiceVibrations.Haptics", "MoreMountains.NiceVibrations.Haptics.csproj", "{A15A0DF3-845C-B2F6-96EA-C3D56EB9959E}"
EndProject
Project("{FAE04EC0-301F-11D3-BF4B-00C04F79EFBC}") = "MoreMountains.NiceVibrations.Demos", "MoreMountains.NiceVibrations.Demos.csproj", "{1696E3E4-9A38-9313-7EC8-CB9925BAE193}"
EndProject
Project("{FAE04EC0-301F-11D3-BF4B-00C04F79EFBC}") = "AppsFlyer", "AppsFlyer.csproj", "{5EDA991F-8108-4471-185C-61780A001008}"
EndProject
Project("{FAE04EC0-301F-11D3-BF4B-00C04F79EFBC}") = "MoreMountains.NiceVibrations", "MoreMountains.NiceVibrations.csproj", "{B6E78C8C-C6AC-AECA-0C79-2430D474C29E}"
EndProject
Project("{FAE04EC0-301F-11D3-BF4B-00C04F79EFBC}") = "MaxSdk.Scripts", "MaxSdk.Scripts.csproj", "{9144DC36-CA09-5456-A498-7F0E9DB51240}"
EndProject
Project("{FAE04EC0-301F-11D3-BF4B-00C04F79EFBC}") = "Tests", "Tests.csproj", "{923DC32E-C8CA-564E-6526-CE118C3F37C3}"
EndProject
Project("{FAE04EC0-301F-11D3-BF4B-00C04F79EFBC}") = "MaxSdk.Scripts.IntegrationManager.Editor", "MaxSdk.Scripts.IntegrationManager.Editor.csproj", "{7578622E-DA57-CE47-9393-F55AA1AD56C9}"
EndProject
Project("{FAE04EC0-301F-11D3-BF4B-00C04F79EFBC}") = "MaxSdk.Scripts.Editor", "MaxSdk.Scripts.Editor.csproj", "{84128639-0BC8-A427-1351-6CD3DDBF7FB2}"
EndProject
Project("{FAE04EC0-301F-11D3-BF4B-00C04F79EFBC}") = "MoreMountains.NiceVibrations.Editor", "MoreMountains.NiceVibrations.Editor.csproj", "{7C8DA439-8567-E42D-EF15-DAB1FE794820}"
EndProject
Project("{FAE04EC0-301F-11D3-BF4B-00C04F79EFBC}") = "Assembly-CSharp-Editor", "Assembly-CSharp-Editor.csproj", "{DFA33BBC-80C2-7681-78FA-95F69F7043DA}"
EndProject
Project("{FAE04EC0-301F-11D3-BF4B-00C04F79EFBC}") = "AppsFlyer.Editor", "AppsFlyer.Editor.csproj", "{A4962134-2B6E-2E44-56E5-92150753D6E7}"
EndProject
Project("{FAE04EC0-301F-11D3-BF4B-00C04F79EFBC}") = "IngameDebugConsole.Editor", "IngameDebugConsole.Editor.csproj", "{801A067C-E8B9-6FB8-AD9C-8CB6C45423FE}"
EndProject
Project("{FAE04EC0-301F-11D3-BF4B-00C04F79EFBC}") = "Assembly-CSharp-Editor-firstpass", "Assembly-CSharp-Editor-firstpass.csproj", "{4D9CAFB9-BFD7-2AAF-4535-9B0503177DEF}"
EndProject
Global
	GlobalSection(SolutionConfigurationPlatforms) = preSolution
		Debug|Any CPU = Debug|Any CPU
		Release|Any CPU = Release|Any CPU
	EndGlobalSection
	GlobalSection(ProjectConfigurationPlatforms) = postSolution
		{B7DDDA62-E324-4111-35C4-FD0A7CE8A864}.Debug|Any CPU.ActiveCfg = Debug|Any CPU
		{B7DDDA62-E324-4111-35C4-FD0A7CE8A864}.Debug|Any CPU.Build.0 = Debug|Any CPU
		{B7DDDA62-E324-4111-35C4-FD0A7CE8A864}.Release|Any CPU.ActiveCfg = Release|Any CPU
		{B7DDDA62-E324-4111-35C4-FD0A7CE8A864}.Release|Any CPU.Build.0 = Release|Any CPU
		{EA7B2730-E35D-24F6-D6C9-43659F3C359E}.Debug|Any CPU.ActiveCfg = Debug|Any CPU
		{EA7B2730-E35D-24F6-D6C9-43659F3C359E}.Debug|Any CPU.Build.0 = Debug|Any CPU
		{EA7B2730-E35D-24F6-D6C9-43659F3C359E}.Release|Any CPU.ActiveCfg = Release|Any CPU
		{EA7B2730-E35D-24F6-D6C9-43659F3C359E}.Release|Any CPU.Build.0 = Release|Any CPU
		{780976A5-FA4E-0429-127B-38F0DA9F046F}.Debug|Any CPU.ActiveCfg = Debug|Any CPU
		{780976A5-FA4E-0429-127B-38F0DA9F046F}.Debug|Any CPU.Build.0 = Debug|Any CPU
		{780976A5-FA4E-0429-127B-38F0DA9F046F}.Release|Any CPU.ActiveCfg = Release|Any CPU
		{780976A5-FA4E-0429-127B-38F0DA9F046F}.Release|Any CPU.Build.0 = Release|Any CPU
		{A15A0DF3-845C-B2F6-96EA-C3D56EB9959E}.Debug|Any CPU.ActiveCfg = Debug|Any CPU
		{A15A0DF3-845C-B2F6-96EA-C3D56EB9959E}.Debug|Any CPU.Build.0 = Debug|Any CPU
		{A15A0DF3-845C-B2F6-96EA-C3D56EB9959E}.Release|Any CPU.ActiveCfg = Release|Any CPU
		{A15A0DF3-845C-B2F6-96EA-C3D56EB9959E}.Release|Any CPU.Build.0 = Release|Any CPU
		{1696E3E4-9A38-9313-7EC8-CB9925BAE193}.Debug|Any CPU.ActiveCfg = Debug|Any CPU
		{1696E3E4-9A38-9313-7EC8-CB9925BAE193}.Debug|Any CPU.Build.0 = Debug|Any CPU
		{1696E3E4-9A38-9313-7EC8-CB9925BAE193}.Release|Any CPU.ActiveCfg = Release|Any CPU
		{1696E3E4-9A38-9313-7EC8-CB9925BAE193}.Release|Any CPU.Build.0 = Release|Any CPU
		{5EDA991F-8108-4471-185C-61780A001008}.Debug|Any CPU.ActiveCfg = Debug|Any CPU
		{5EDA991F-8108-4471-185C-61780A001008}.Debug|Any CPU.Build.0 = Debug|Any CPU
		{5EDA991F-8108-4471-185C-61780A001008}.Release|Any CPU.ActiveCfg = Release|Any CPU
		{5EDA991F-8108-4471-185C-61780A001008}.Release|Any CPU.Build.0 = Release|Any CPU
		{B6E78C8C-C6AC-AECA-0C79-2430D474C29E}.Debug|Any CPU.ActiveCfg = Debug|Any CPU
		{B6E78C8C-C6AC-AECA-0C79-2430D474C29E}.Debug|Any CPU.Build.0 = Debug|Any CPU
		{B6E78C8C-C6AC-AECA-0C79-2430D474C29E}.Release|Any CPU.ActiveCfg = Release|Any CPU
		{B6E78C8C-C6AC-AECA-0C79-2430D474C29E}.Release|Any CPU.Build.0 = Release|Any CPU
		{9144DC36-CA09-5456-A498-7F0E9DB51240}.Debug|Any CPU.ActiveCfg = Debug|Any CPU
		{9144DC36-CA09-5456-A498-7F0E9DB51240}.Debug|Any CPU.Build.0 = Debug|Any CPU
		{9144DC36-CA09-5456-A498-7F0E9DB51240}.Release|Any CPU.ActiveCfg = Release|Any CPU
		{9144DC36-CA09-5456-A498-7F0E9DB51240}.Release|Any CPU.Build.0 = Release|Any CPU
		{923DC32E-C8CA-564E-6526-CE118C3F37C3}.Debug|Any CPU.ActiveCfg = Debug|Any CPU
		{923DC32E-C8CA-564E-6526-CE118C3F37C3}.Debug|Any CPU.Build.0 = Debug|Any CPU
		{923DC32E-C8CA-564E-6526-CE118C3F37C3}.Release|Any CPU.ActiveCfg = Release|Any CPU
		{923DC32E-C8CA-564E-6526-CE118C3F37C3}.Release|Any CPU.Build.0 = Release|Any CPU
		{7578622E-DA57-CE47-9393-F55AA1AD56C9}.Debug|Any CPU.ActiveCfg = Debug|Any CPU
		{7578622E-DA57-CE47-9393-F55AA1AD56C9}.Debug|Any CPU.Build.0 = Debug|Any CPU
		{7578622E-DA57-CE47-9393-F55AA1AD56C9}.Release|Any CPU.ActiveCfg = Release|Any CPU
		{7578622E-DA57-CE47-9393-F55AA1AD56C9}.Release|Any CPU.Build.0 = Release|Any CPU
		{84128639-0BC8-A427-1351-6CD3DDBF7FB2}.Debug|Any CPU.ActiveCfg = Debug|Any CPU
		{84128639-0BC8-A427-1351-6CD3DDBF7FB2}.Debug|Any CPU.Build.0 = Debug|Any CPU
		{84128639-0BC8-A427-1351-6CD3DDBF7FB2}.Release|Any CPU.ActiveCfg = Release|Any CPU
		{84128639-0BC8-A427-1351-6CD3DDBF7FB2}.Release|Any CPU.Build.0 = Release|Any CPU
		{7C8DA439-8567-E42D-EF15-DAB1FE794820}.Debug|Any CPU.ActiveCfg = Debug|Any CPU
		{7C8DA439-8567-E42D-EF15-DAB1FE794820}.Debug|Any CPU.Build.0 = Debug|Any CPU
		{7C8DA439-8567-E42D-EF15-DAB1FE794820}.Release|Any CPU.ActiveCfg = Release|Any CPU
		{7C8DA439-8567-E42D-EF15-DAB1FE794820}.Release|Any CPU.Build.0 = Release|Any CPU
		{DFA33BBC-80C2-7681-78FA-95F69F7043DA}.Debug|Any CPU.ActiveCfg = Debug|Any CPU
		{DFA33BBC-80C2-7681-78FA-95F69F7043DA}.Debug|Any CPU.Build.0 = Debug|Any CPU
		{DFA33BBC-80C2-7681-78FA-95F69F7043DA}.Release|Any CPU.ActiveCfg = Release|Any CPU
		{DFA33BBC-80C2-7681-78FA-95F69F7043DA}.Release|Any CPU.Build.0 = Release|Any CPU
		{A4962134-2B6E-2E44-56E5-92150753D6E7}.Debug|Any CPU.ActiveCfg = Debug|Any CPU
		{A4962134-2B6E-2E44-56E5-92150753D6E7}.Debug|Any CPU.Build.0 = Debug|Any CPU
		{A4962134-2B6E-2E44-56E5-92150753D6E7}.Release|Any CPU.ActiveCfg = Release|Any CPU
		{A4962134-2B6E-2E44-56E5-92150753D6E7}.Release|Any CPU.Build.0 = Release|Any CPU
		{801A067C-E8B9-6FB8-AD9C-8CB6C45423FE}.Debug|Any CPU.ActiveCfg = Debug|Any CPU
		{801A067C-E8B9-6FB8-AD9C-8CB6C45423FE}.Debug|Any CPU.Build.0 = Debug|Any CPU
		{801A067C-E8B9-6FB8-AD9C-8CB6C45423FE}.Release|Any CPU.ActiveCfg = Release|Any CPU
		{801A067C-E8B9-6FB8-AD9C-8CB6C45423FE}.Release|Any CPU.Build.0 = Release|Any CPU
		{4D9CAFB9-BFD7-2AAF-4535-9B0503177DEF}.Debug|Any CPU.ActiveCfg = Debug|Any CPU
		{4D9CAFB9-BFD7-2AAF-4535-9B0503177DEF}.Debug|Any CPU.Build.0 = Debug|Any CPU
		{4D9CAFB9-BFD7-2AAF-4535-9B0503177DEF}.Release|Any CPU.ActiveCfg = Release|Any CPU
		{4D9CAFB9-BFD7-2AAF-4535-9B0503177DEF}.Release|Any CPU.Build.0 = Release|Any CPU
	EndGlobalSection
	GlobalSection(SolutionProperties) = preSolution
		HideSolutionNode = FALSE
	EndGlobalSection
EndGlobal
